
Microsoft Visual Studio Solution File, Format Version 12.00
# Visual Studio Version 17
VisualStudioVersion = 17.7.34221.43
MinimumVisualStudioVersion = 10.0.40219.1
Project("{8BC9CEB8-8B4A-11D0-8D11-00A0C91BC942}") = "学生信息管理系统", "学生信息管理系统\学生信息管理系统.vcxproj", "{D9DE1D28-F1CA-4082-A2A9-3EFE41CD9249}"
EndProject
Global
	GlobalSection(SolutionConfigurationPlatforms) = preSolution
		Debug|x64 = Debug|x64
		Debug|x86 = Debug|x86
		Release|x64 = Release|x64
		Release|x86 = Release|x86
	EndGlobalSection
	GlobalSection(ProjectConfigurationPlatforms) = postSolution
		{D9DE1D28-F1CA-4082-A2A9-3EFE41CD9249}.Debug|x64.ActiveCfg = Debug|x64
		{D9DE1D28-F1CA-4082-A2A9-3EFE41CD9249}.Debug|x64.Build.0 = Debug|x64
		{D9DE1D28-F1CA-4082-A2A9-3EFE41CD9249}.Debug|x86.ActiveCfg = Debug|Win32
		{D9DE1D28-F1CA-4082-A2A9-3EFE41CD9249}.Debug|x86.Build.0 = Debug|Win32
		{D9DE1D28-F1CA-4082-A2A9-3EFE41CD9249}.Release|x64.ActiveCfg = Release|x64
		{D9DE1D28-F1CA-4082-A2A9-3EFE41CD9249}.Release|x64.Build.0 = Release|x64
		{D9DE1D28-F1CA-4082-A2A9-3EFE41CD9249}.Release|x86.ActiveCfg = Release|Win32
		{D9DE1D28-F1CA-4082-A2A9-3EFE41CD9249}.Release|x86.Build.0 = Release|Win32
	EndGlobalSection
	GlobalSection(SolutionProperties) = preSolution
		HideSolutionNode = FALSE
	EndGlobalSection
	GlobalSection(ExtensibilityGlobals) = postSolution
		SolutionGuid = {75DE72DE-498A-49ED-9EEA-62D3D0C2658F}
	EndGlobalSection
EndGlobal
